
Microsoft Visual Studio Solution File, Format Version 12.00
# Visual Studio 15
VisualStudioVersion = 15.0.28307.168
MinimumVisualStudioVersion = 10.0.40219.1
Project("{FAE04EC0-301F-11D3-BF4B-00C04F79EFBC}") = "NHibernate.GraphQL", "NHibernate.GraphQL\NHibernate.GraphQL.csproj", "{60E334E7-60B7-442F-B738-6503FE6A9869}"
EndProject
Global
	GlobalSection(SolutionConfigurationPlatforms) = preSolution
		Debug|Any CPU = Debug|Any CPU
		Release|Any CPU = Release|Any CPU
	EndGlobalSection
	GlobalSection(ProjectConfigurationPlatforms) = postSolution
		{60E334E7-60B7-442F-B738-6503FE6A9869}.Debug|Any CPU.ActiveCfg = Debug|Any CPU
		{60E334E7-60B7-442F-B738-6503FE6A9869}.Debug|Any CPU.Build.0 = Debug|Any CPU
		{60E334E7-60B7-442F-B738-6503FE6A9869}.Release|Any CPU.ActiveCfg = Release|Any CPU
		{60E334E7-60B7-442F-B738-6503FE6A9869}.Release|Any CPU.Build.0 = Release|Any CPU
	EndGlobalSection
	GlobalSection(SolutionProperties) = preSolution
		HideSolutionNode = FALSE
	EndGlobalSection
	GlobalSection(ExtensibilityGlobals) = postSolution
		SolutionGuid = {11CF210F-80F8-41B4-B11C-352179CF81D7}
	EndGlobalSection
EndGlobal
